
Microsoft Visual Studio Solution File, Format Version 12.00
# Visual Studio Version 16
VisualStudioVersion = 16.0.32228.343
MinimumVisualStudioVersion = 10.0.40219.1
Project("{9A19103F-16F7-4668-BE54-9A1E7A4F7556}") = "Jenkins-test", "Jenkins-test\Jenkins-test.csproj", "{95046BC8-346D-4EEE-BB48-182DFCE5733F}"
EndProject
Project("{FAE04EC0-301F-11D3-BF4B-00C04F79EFBC}") = "TestProject", "TestProject\TestProject.csproj", "{D679F54A-A3DE-494D-BF61-82A28FB0BE30}"
EndProject
Global
	GlobalSection(SolutionConfigurationPlatforms) = preSolution
		Debug|Any CPU = Debug|Any CPU
		Release|Any CPU = Release|Any CPU
	EndGlobalSection
	GlobalSection(ProjectConfigurationPlatforms) = postSolution
		{95046BC8-346D-4EEE-BB48-182DFCE5733F}.Debug|Any CPU.ActiveCfg = Debug|Any CPU
		{95046BC8-346D-4EEE-BB48-182DFCE5733F}.Debug|Any CPU.Build.0 = Debug|Any CPU
		{95046BC8-346D-4EEE-BB48-182DFCE5733F}.Release|Any CPU.ActiveCfg = Release|Any CPU
		{95046BC8-346D-4EEE-BB48-182DFCE5733F}.Release|Any CPU.Build.0 = Release|Any CPU
		{D679F54A-A3DE-494D-BF61-82A28FB0BE30}.Debug|Any CPU.ActiveCfg = Debug|Any CPU
		{D679F54A-A3DE-494D-BF61-82A28FB0BE30}.Debug|Any CPU.Build.0 = Debug|Any CPU
		{D679F54A-A3DE-494D-BF61-82A28FB0BE30}.Release|Any CPU.ActiveCfg = Release|Any CPU
		{D679F54A-A3DE-494D-BF61-82A28FB0BE30}.Release|Any CPU.Build.0 = Release|Any CPU
	EndGlobalSection
	GlobalSection(SolutionProperties) = preSolution
		HideSolutionNode = FALSE
	EndGlobalSection
	GlobalSection(ExtensibilityGlobals) = postSolution
		SolutionGuid = {D0E18F22-6C6F-4D02-A0E9-E1131A88918E}
	EndGlobalSection
EndGlobal
